
Microsoft Visual Studio Solution File, Format Version 12.00
# Visual Studio Version 16
VisualStudioVersion = 16.0.32002.261
MinimumVisualStudioVersion = 10.0.40219.1
Project("{9A19103F-16F7-4668-BE54-9A1E7A4F7556}") = "Core.Api", "Core.Api\Core.Api.csproj", "{A15B97E6-807A-40A0-82E6-31EE89C801F2}"
EndProject
Project("{2150E333-8FDC-42A3-9474-1A3956D46DE8}") = "Doc", "Doc", "{1E3BE3B9-4302-49AC-8C5F-B3CAB8D3B273}"
EndProject
Project("{2150E333-8FDC-42A3-9474-1A3956D46DE8}") = "Src", "Src", "{29904592-1CB0-4C98-9475-3E9D67873FCC}"
EndProject
Project("{2150E333-8FDC-42A3-9474-1A3956D46DE8}") = "Host", "Host", "{E25EA5BF-B36D-4331-A284-6F39F60304ED}"
EndProject
Project("{9A19103F-16F7-4668-BE54-9A1E7A4F7556}") = "CORE.Application", "CORE.Application\CORE.Application.csproj", "{A3A004F4-DAAF-4444-9A9B-038738780B67}"
EndProject
Project("{9A19103F-16F7-4668-BE54-9A1E7A4F7556}") = "CORE.Application.Contracts", "CORE.Application.Contracts\CORE.Application.Contracts.csproj", "{93C16CED-16F2-4F17-88DF-6395DD66211B}"
EndProject
Project("{9A19103F-16F7-4668-BE54-9A1E7A4F7556}") = "Core.Domain", "Core.Domain\Core.Domain.csproj", "{6BC67D8D-D05B-4A25-9036-D9FD15D3FD1D}"
EndProject
Project("{9A19103F-16F7-4668-BE54-9A1E7A4F7556}") = "Core.Domain.MySql", "Core.Domain.MySql\Core.Domain.MySql.csproj", "{C8F7C8E7-BC69-46E6-9586-759EC9E01C1F}"
EndProject
Project("{9A19103F-16F7-4668-BE54-9A1E7A4F7556}") = "Core.Domain.Postgre", "Core.Domain.Postgre\Core.Domain.Postgre.csproj", "{4DA1A17D-926D-43A8-B80F-370A97851E55}"
EndProject
Project("{9A19103F-16F7-4668-BE54-9A1E7A4F7556}") = "Core.Domain.Shared", "Core.Domain.Shared\Core.Domain.Shared.csproj", "{E46FDD1E-D5D7-4C93-A26C-5AC39E02AE75}"
EndProject
Project("{9A19103F-16F7-4668-BE54-9A1E7A4F7556}") = "Core.HostBase", "Core.HostBase\Core.HostBase.csproj", "{ADC5F7A5-7F2C-49BB-AA54-FC1AA448D295}"
EndProject
Project("{2150E333-8FDC-42A3-9474-1A3956D46DE8}") = "Config", "Config", "{341E7A55-EC7A-4301-B57C-BDA4EA09E0AA}"
	ProjectSection(SolutionItems) = preProject
		Config\Connections.json = Config\Connections.json
	EndProjectSection
EndProject
Project("{9A19103F-16F7-4668-BE54-9A1E7A4F7556}") = "OcelotGateway", "OcelotGateway\OcelotGateway.csproj", "{3BD7D4D5-6BA2-4CF7-9C5F-2A2E4D5146A5}"
EndProject
Project("{9A19103F-16F7-4668-BE54-9A1E7A4F7556}") = "WebAPI.Product", "WebAPI.Product\WebAPI.Product.csproj", "{71981BCA-B0B8-476E-9F8C-643556F1ECEB}"
EndProject
Project("{9A19103F-16F7-4668-BE54-9A1E7A4F7556}") = "AuthService", "AuthService\AuthService.csproj", "{E8D340B5-4352-4327-8247-553CBD635B3B}"
EndProject
Project("{FAE04EC0-301F-11D3-BF4B-00C04F79EFBC}") = "Auth.Api", "Auth.Api\Auth.Api.csproj", "{2C795C29-BB30-40F8-8648-94A7DC7A4303}"
EndProject
Global
	GlobalSection(SolutionConfigurationPlatforms) = preSolution
		Debug|Any CPU = Debug|Any CPU
		Release|Any CPU = Release|Any CPU
	EndGlobalSection
	GlobalSection(ProjectConfigurationPlatforms) = postSolution
		{A15B97E6-807A-40A0-82E6-31EE89C801F2}.Debug|Any CPU.ActiveCfg = Debug|Any CPU
		{A15B97E6-807A-40A0-82E6-31EE89C801F2}.Debug|Any CPU.Build.0 = Debug|Any CPU
		{A15B97E6-807A-40A0-82E6-31EE89C801F2}.Release|Any CPU.ActiveCfg = Release|Any CPU
		{A15B97E6-807A-40A0-82E6-31EE89C801F2}.Release|Any CPU.Build.0 = Release|Any CPU
		{A3A004F4-DAAF-4444-9A9B-038738780B67}.Debug|Any CPU.ActiveCfg = Debug|Any CPU
		{A3A004F4-DAAF-4444-9A9B-038738780B67}.Debug|Any CPU.Build.0 = Debug|Any CPU
		{A3A004F4-DAAF-4444-9A9B-038738780B67}.Release|Any CPU.ActiveCfg = Release|Any CPU
		{A3A004F4-DAAF-4444-9A9B-038738780B67}.Release|Any CPU.Build.0 = Release|Any CPU
		{93C16CED-16F2-4F17-88DF-6395DD66211B}.Debug|Any CPU.ActiveCfg = Debug|Any CPU
		{93C16CED-16F2-4F17-88DF-6395DD66211B}.Debug|Any CPU.Build.0 = Debug|Any CPU
		{93C16CED-16F2-4F17-88DF-6395DD66211B}.Release|Any CPU.ActiveCfg = Release|Any CPU
		{93C16CED-16F2-4F17-88DF-6395DD66211B}.Release|Any CPU.Build.0 = Release|Any CPU
		{6BC67D8D-D05B-4A25-9036-D9FD15D3FD1D}.Debug|Any CPU.ActiveCfg = Debug|Any CPU
		{6BC67D8D-D05B-4A25-9036-D9FD15D3FD1D}.Debug|Any CPU.Build.0 = Debug|Any CPU
		{6BC67D8D-D05B-4A25-9036-D9FD15D3FD1D}.Release|Any CPU.ActiveCfg = Release|Any CPU
		{6BC67D8D-D05B-4A25-9036-D9FD15D3FD1D}.Release|Any CPU.Build.0 = Release|Any CPU
		{C8F7C8E7-BC69-46E6-9586-759EC9E01C1F}.Debug|Any CPU.ActiveCfg = Debug|Any CPU
		{C8F7C8E7-BC69-46E6-9586-759EC9E01C1F}.Debug|Any CPU.Build.0 = Debug|Any CPU
		{C8F7C8E7-BC69-46E6-9586-759EC9E01C1F}.Release|Any CPU.ActiveCfg = Release|Any CPU
		{C8F7C8E7-BC69-46E6-9586-759EC9E01C1F}.Release|Any CPU.Build.0 = Release|Any CPU
		{4DA1A17D-926D-43A8-B80F-370A97851E55}.Debug|Any CPU.ActiveCfg = Debug|Any CPU
		{4DA1A17D-926D-43A8-B80F-370A97851E55}.Debug|Any CPU.Build.0 = Debug|Any CPU
		{4DA1A17D-926D-43A8-B80F-370A97851E55}.Release|Any CPU.ActiveCfg = Release|Any CPU
		{4DA1A17D-926D-43A8-B80F-370A97851E55}.Release|Any CPU.Build.0 = Release|Any CPU
		{E46FDD1E-D5D7-4C93-A26C-5AC39E02AE75}.Debug|Any CPU.ActiveCfg = Debug|Any CPU
		{E46FDD1E-D5D7-4C93-A26C-5AC39E02AE75}.Debug|Any CPU.Build.0 = Debug|Any CPU
		{E46FDD1E-D5D7-4C93-A26C-5AC39E02AE75}.Release|Any CPU.ActiveCfg = Release|Any CPU
		{E46FDD1E-D5D7-4C93-A26C-5AC39E02AE75}.Release|Any CPU.Build.0 = Release|Any CPU
		{ADC5F7A5-7F2C-49BB-AA54-FC1AA448D295}.Debug|Any CPU.ActiveCfg = Debug|Any CPU
		{ADC5F7A5-7F2C-49BB-AA54-FC1AA448D295}.Debug|Any CPU.Build.0 = Debug|Any CPU
		{ADC5F7A5-7F2C-49BB-AA54-FC1AA448D295}.Release|Any CPU.ActiveCfg = Release|Any CPU
		{ADC5F7A5-7F2C-49BB-AA54-FC1AA448D295}.Release|Any CPU.Build.0 = Release|Any CPU
		{3BD7D4D5-6BA2-4CF7-9C5F-2A2E4D5146A5}.Debug|Any CPU.ActiveCfg = Debug|Any CPU
		{3BD7D4D5-6BA2-4CF7-9C5F-2A2E4D5146A5}.Debug|Any CPU.Build.0 = Debug|Any CPU
		{3BD7D4D5-6BA2-4CF7-9C5F-2A2E4D5146A5}.Release|Any CPU.ActiveCfg = Release|Any CPU
		{3BD7D4D5-6BA2-4CF7-9C5F-2A2E4D5146A5}.Release|Any CPU.Build.0 = Release|Any CPU
		{71981BCA-B0B8-476E-9F8C-643556F1ECEB}.Debug|Any CPU.ActiveCfg = Debug|Any CPU
		{71981BCA-B0B8-476E-9F8C-643556F1ECEB}.Debug|Any CPU.Build.0 = Debug|Any CPU
		{71981BCA-B0B8-476E-9F8C-643556F1ECEB}.Release|Any CPU.ActiveCfg = Release|Any CPU
		{71981BCA-B0B8-476E-9F8C-643556F1ECEB}.Release|Any CPU.Build.0 = Release|Any CPU
		{E8D340B5-4352-4327-8247-553CBD635B3B}.Debug|Any CPU.ActiveCfg = Debug|Any CPU
		{E8D340B5-4352-4327-8247-553CBD635B3B}.Debug|Any CPU.Build.0 = Debug|Any CPU
		{E8D340B5-4352-4327-8247-553CBD635B3B}.Release|Any CPU.ActiveCfg = Release|Any CPU
		{E8D340B5-4352-4327-8247-553CBD635B3B}.Release|Any CPU.Build.0 = Release|Any CPU
		{2C795C29-BB30-40F8-8648-94A7DC7A4303}.Debug|Any CPU.ActiveCfg = Debug|Any CPU
		{2C795C29-BB30-40F8-8648-94A7DC7A4303}.Debug|Any CPU.Build.0 = Debug|Any CPU
		{2C795C29-BB30-40F8-8648-94A7DC7A4303}.Release|Any CPU.ActiveCfg = Release|Any CPU
		{2C795C29-BB30-40F8-8648-94A7DC7A4303}.Release|Any CPU.Build.0 = Release|Any CPU
	EndGlobalSection
	GlobalSection(SolutionProperties) = preSolution
		HideSolutionNode = FALSE
	EndGlobalSection
	GlobalSection(NestedProjects) = preSolution
		{A15B97E6-807A-40A0-82E6-31EE89C801F2} = {E25EA5BF-B36D-4331-A284-6F39F60304ED}
		{A3A004F4-DAAF-4444-9A9B-038738780B67} = {29904592-1CB0-4C98-9475-3E9D67873FCC}
		{93C16CED-16F2-4F17-88DF-6395DD66211B} = {29904592-1CB0-4C98-9475-3E9D67873FCC}
		{6BC67D8D-D05B-4A25-9036-D9FD15D3FD1D} = {29904592-1CB0-4C98-9475-3E9D67873FCC}
		{C8F7C8E7-BC69-46E6-9586-759EC9E01C1F} = {29904592-1CB0-4C98-9475-3E9D67873FCC}
		{4DA1A17D-926D-43A8-B80F-370A97851E55} = {29904592-1CB0-4C98-9475-3E9D67873FCC}
		{E46FDD1E-D5D7-4C93-A26C-5AC39E02AE75} = {29904592-1CB0-4C98-9475-3E9D67873FCC}
		{ADC5F7A5-7F2C-49BB-AA54-FC1AA448D295} = {29904592-1CB0-4C98-9475-3E9D67873FCC}
		{3BD7D4D5-6BA2-4CF7-9C5F-2A2E4D5146A5} = {E25EA5BF-B36D-4331-A284-6F39F60304ED}
		{71981BCA-B0B8-476E-9F8C-643556F1ECEB} = {E25EA5BF-B36D-4331-A284-6F39F60304ED}
		{E8D340B5-4352-4327-8247-553CBD635B3B} = {29904592-1CB0-4C98-9475-3E9D67873FCC}
		{2C795C29-BB30-40F8-8648-94A7DC7A4303} = {E25EA5BF-B36D-4331-A284-6F39F60304ED}
	EndGlobalSection
	GlobalSection(ExtensibilityGlobals) = postSolution
		SolutionGuid = {9050D02B-71DD-4F42-964C-9ED0F1F53EC5}
	EndGlobalSection
EndGlobal
